{
    "_meta": {
        "hash": {
            "sha256": "917be9dac870427569ae07699ac6d9caf18e6864d08bb50de812d10b3c705935"
        },
        "pipfile-spec": 6,
        "requires": {
            "python_version": "3"
        },
        "sources": [
            {
                "name": "pypi",
                "url": "https://pypi.org/simple",
                "verify_ssl": true
            }
        ]
    },
    "default": {
        "asgiref": {
            "hashes": [
                "sha256:4ef1ab46b484e3c706329cedeff284a5d40824200638503f5768edb6de7d58e9",
                "sha256:ffc141aa908e6f175673e7b1b3b7af4fdb0ecb738fc5c8b88f69f055c2415214"
            ],
            "markers": "python_version >= '3.6'",
            "version": "==3.4.1"
        },
        "dj-database-url": {
            "hashes": [
                "sha256:4aeaeb1f573c74835b0686a2b46b85990571159ffc21aa57ecd4d1e1cb334163",
                "sha256:851785365761ebe4994a921b433062309eb882fedd318e1b0fcecc607ed02da9"
            ],
            "version": "==0.5.0"
        },
        "django": {
            "hashes": [
                "sha256:59304646ebc6a77b9b6a59adc67d51ecb03c5e3d63ed1f14c909cdfda84e8010",
                "sha256:d5a8a14da819a8b9237ee4d8c78dfe056ff6e8a7511987be627192225113ee75"
            ],
            "index": "pypi",
            "version": "==4.0"
        },
        "django-heroku": {
            "hashes": [
                "sha256:59dac588ae0030862c79c31fab2a206a1b549282e157b1831fc8491a3eb65c24",
                "sha256:817165b8c3853bff6cd3b515222b84dd2167a9435b140380181192d153913d69"
            ],
            "index": "pypi",
            "version": "==0.0.0"
        },
        "gunicorn": {
            "hashes": [
                "sha256:9dcc4547dbb1cb284accfb15ab5667a0e5d1881cc443e0677b4882a4067a807e",
                "sha256:e0a968b5ba15f8a328fdfd7ab1fcb5af4470c28aaf7e55df02a99bc13138e6e8"
            ],
            "index": "pypi",
            "version": "==20.1.0"
        },
        "setuptools": {
            "hashes": [
                "sha256:6d10741ff20b89cd8c6a536ee9dc90d3002dec0226c78fb98605bfb9ef8a7adf",
                "sha256:d144f85102f999444d06f9c0e8c737fd0194f10f2f7e5fdb77573f6e2fa4fad0"
            ],
            "markers": "python_version >= '3.6'",
            "version": "==59.5.0"
        },
        "sqlparse": {
            "hashes": [
                "sha256:0c00730c74263a94e5a9919ade150dfc3b19c574389985446148402998287dae",
                "sha256:48719e356bb8b42991bdbb1e8b83223757b93789c00910a616a071910ca4a64d"
            ],
            "markers": "python_version >= '3.5'",
            "version": "==0.4.2"
        },
        "whitenoise": {
            "hashes": [
                "sha256:d234b871b52271ae7ed6d9da47ffe857c76568f11dd30e28e18c5869dbd11e12",
                "sha256:d963ef25639d1417e8a247be36e6aedd8c7c6f0a08adcb5a89146980a96b577c"
            ],
            "markers": "python_version >= '3.5' and python_version < '4'",
            "version": "==5.3.0"
        }
    },
    "develop": {}
}
